
Microsoft Visual Studio Solution File, Format Version 12.00
# Visual Studio Version 17
VisualStudioVersion = 17.6.33815.320
MinimumVisualStudioVersion = 10.0.40219.1
Project("{FAE04EC0-301F-11D3-BF4B-00C04F79EFBC}") = "WebApplication1", "WebApplication1\WebApplication1.csproj", "{6C87C8F0-E4E0-4938-A704-5A40FBF82377}"
EndProject
Global
	GlobalSection(SolutionConfigurationPlatforms) = preSolution
		Debug|Any CPU = Debug|Any CPU
		Release|Any CPU = Release|Any CPU
	EndGlobalSection
	GlobalSection(ProjectConfigurationPlatforms) = postSolution
		{6C87C8F0-E4E0-4938-A704-5A40FBF82377}.Debug|Any CPU.ActiveCfg = Debug|Any CPU
		{6C87C8F0-E4E0-4938-A704-5A40FBF82377}.Debug|Any CPU.Build.0 = Debug|Any CPU
		{6C87C8F0-E4E0-4938-A704-5A40FBF82377}.Release|Any CPU.ActiveCfg = Release|Any CPU
		{6C87C8F0-E4E0-4938-A704-5A40FBF82377}.Release|Any CPU.Build.0 = Release|Any CPU
	EndGlobalSection
	GlobalSection(SolutionProperties) = preSolution
		HideSolutionNode = FALSE
	EndGlobalSection
	GlobalSection(ExtensibilityGlobals) = postSolution
		SolutionGuid = {BDB57F9A-7933-4F26-A56C-49E8E3E05ABF}
	EndGlobalSection
EndGlobal
